
Microsoft Visual Studio Solution File, Format Version 12.00
# Visual Studio Version 17
VisualStudioVersion = 17.14.36121.58
MinimumVisualStudioVersion = 10.0.40219.1
Project("{FAE04EC0-301F-11D3-BF4B-00C04F79EFBC}") = "Orpius.Platform.ClientSdk.ProtobufNet", "Orpius.Platform.ClientSdk.ProtobufNet\Orpius.Platform.ClientSdk.ProtobufNet.csproj", "{F6DC1A8E-CC34-4A23-A38B-4FC732E1E765}"
EndProject
Project("{2150E333-8FDC-42A3-9474-1A3956D46DE8}") = "ClientSdk.Protobuf", "ClientSdk.Protobuf", "{02EA681E-C7D8-13C7-8484-4AC65E1B71E8}"
EndProject
Project("{FAE04EC0-301F-11D3-BF4B-00C04F79EFBC}") = "Sample_AspNetCore_ProtobufNet", "Samples\Sample_AspNetCore_ProtobufNet\Sample_AspNetCore_ProtobufNet.csproj", "{6B87A1C7-6E9B-8BAD-BBFC-8ACA7B1D79FF}"
EndProject
Project("{FAE04EC0-301F-11D3-BF4B-00C04F79EFBC}") = "Sample_MobileApp_ProtobufNet", "Samples\Sample_MobileApp_ProtobufNet\Sample_MobileApp_ProtobufNet.csproj", "{80B5F1B1-FF11-842E-E651-18B284FD2FF7}"
EndProject
Global
	GlobalSection(SolutionConfigurationPlatforms) = preSolution
		Debug|Any CPU = Debug|Any CPU
		Release|Any CPU = Release|Any CPU
	EndGlobalSection
	GlobalSection(ProjectConfigurationPlatforms) = postSolution
		{F6DC1A8E-CC34-4A23-A38B-4FC732E1E765}.Debug|Any CPU.ActiveCfg = Debug|Any CPU
		{F6DC1A8E-CC34-4A23-A38B-4FC732E1E765}.Debug|Any CPU.Build.0 = Debug|Any CPU
		{F6DC1A8E-CC34-4A23-A38B-4FC732E1E765}.Release|Any CPU.ActiveCfg = Release|Any CPU
		{F6DC1A8E-CC34-4A23-A38B-4FC732E1E765}.Release|Any CPU.Build.0 = Release|Any CPU
		{6B87A1C7-6E9B-8BAD-BBFC-8ACA7B1D79FF}.Debug|Any CPU.ActiveCfg = Debug|Any CPU
		{6B87A1C7-6E9B-8BAD-BBFC-8ACA7B1D79FF}.Debug|Any CPU.Build.0 = Debug|Any CPU
		{6B87A1C7-6E9B-8BAD-BBFC-8ACA7B1D79FF}.Release|Any CPU.ActiveCfg = Release|Any CPU
		{6B87A1C7-6E9B-8BAD-BBFC-8ACA7B1D79FF}.Release|Any CPU.Build.0 = Release|Any CPU
		{80B5F1B1-FF11-842E-E651-18B284FD2FF7}.Debug|Any CPU.ActiveCfg = Debug|Any CPU
		{80B5F1B1-FF11-842E-E651-18B284FD2FF7}.Debug|Any CPU.Build.0 = Debug|Any CPU
		{80B5F1B1-FF11-842E-E651-18B284FD2FF7}.Release|Any CPU.ActiveCfg = Release|Any CPU
		{80B5F1B1-FF11-842E-E651-18B284FD2FF7}.Release|Any CPU.Build.0 = Release|Any CPU
	EndGlobalSection
	GlobalSection(SolutionProperties) = preSolution
		HideSolutionNode = FALSE
	EndGlobalSection
	GlobalSection(NestedProjects) = preSolution
		{F6DC1A8E-CC34-4A23-A38B-4FC732E1E765} = {02EA681E-C7D8-13C7-8484-4AC65E1B71E8}
	EndGlobalSection
	GlobalSection(ExtensibilityGlobals) = postSolution
		SolutionGuid = {31B56899-3819-40BD-B4C6-9DB8EB77FE1A}
	EndGlobalSection
EndGlobal
